{
  "object": {
    "pins": [
      {
        "package": "SwiftPackagesBase",
        "repositoryURL": "https://github.com/ITzTravelInTime/SwiftPackagesBase",
        "state": {
          "branch": null,
          "revision": "28d6194dcae5f97f99f985aaff371c2b09643d4f",
          "version": "0.0.22"
        }
      }
    ]
  },
  "version": 1
}
