{
  "object": {
    "pins": [
      {
        "package": "SwiftPackagesBase",
        "repositoryURL": "https://github.com/ITzTravelInTime/SwiftPackagesBase",
        "state": {
          "branch": null,
          "revision": "637c7ff1763aab63cf753745e96d443fe66d196c",
          "version": "0.0.17"
        }
      }
    ]
  },
  "version": 1
}
